Microsoft Visual Studio Solution File, Format Version 12.00
# Visual Studio 15
VisualStudioVersion = 15.0.27428.2037
MinimumVisualStudioVersion = 10.0.40219.1
Project("{9A19103F-16F7-4668-BE54-9A1E7A4F7556}") = "IntrinsicsPlayground", "IntrinsicsPlayground.csproj", "{32374FF7-10E3-412C-B1DC-7154563F4E6A}"
EndProject
Global
	GlobalSection(SolutionConfigurationPlatforms) = preSolution
		Debug|Any CPU = Debug|Any CPU
		Debug|x64 = Debug|x64
		Debug|x86 = Debug|x86
		Release|Any CPU = Release|Any CPU
		Release|x64 = Release|x64
		Release|x86 = Release|x86
	EndGlobalSection
	GlobalSection(ProjectConfigurationPlatforms) = postSolution
		{32374FF7-10E3-412C-B1DC-7154563F4E6A}.Debug|Any CPU.ActiveCfg = Debug|Any CPU
		{32374FF7-10E3-412C-B1DC-7154563F4E6A}.Debug|Any CPU.Build.0 = Debug|Any CPU
		{32374FF7-10E3-412C-B1DC-7154563F4E6A}.Debug|x64.ActiveCfg = Debug|Any CPU
		{32374FF7-10E3-412C-B1DC-7154563F4E6A}.Debug|x64.Build.0 = Debug|Any CPU
		{32374FF7-10E3-412C-B1DC-7154563F4E6A}.Debug|x86.ActiveCfg = Debug|Any CPU
		{32374FF7-10E3-412C-B1DC-7154563F4E6A}.Debug|x86.Build.0 = Debug|Any CPU
		{32374FF7-10E3-412C-B1DC-7154563F4E6A}.Release|Any CPU.ActiveCfg = Release|Any CPU
		{32374FF7-10E3-412C-B1DC-7154563F4E6A}.Release|Any CPU.Build.0 = Release|Any CPU
		{32374FF7-10E3-412C-B1DC-7154563F4E6A}.Release|x64.ActiveCfg = Release|Any CPU
		{32374FF7-10E3-412C-B1DC-7154563F4E6A}.Release|x64.Build.0 = Release|Any CPU
		{32374FF7-10E3-412C-B1DC-7154563F4E6A}.Release|x86.ActiveCfg = Release|Any CPU
		{32374FF7-10E3-412C-B1DC-7154563F4E6A}.Release|x86.Build.0 = Release|Any CPU
	EndGlobalSection
	GlobalSection(SolutionProperties) = preSolution
		HideSolutionNode = FALSE
	EndGlobalSection
	GlobalSection(ExtensibilityGlobals) = postSolution
		SolutionGuid = {3CA48CC4-BA97-401D-BA74-29F7DCDEED3A}
	EndGlobalSection
EndGlobal
